# THIS IS AN AUTOGENERATED FILE. DO NOT EDIT THIS FILE DIRECTLY.
# yarn lockfile v1


almond@~0.3.1:
  version "0.3.3"
  resolved "https://registry.yarnpkg.com/almond/-/almond-0.3.3.tgz#a0e7c95ac7624d6417b4494b1e68bff693168a20"

bootstrap@^3.0.0, bootstrap@^3.3.7:
  version "3.3.7"
  resolved "https://registry.yarnpkg.com/bootstrap/-/bootstrap-3.3.7.tgz#5a389394549f23330875a3b150656574f8a9eb71"

datatables.net-bs@1.10.12:
  version "1.10.12"
  resolved "https://registry.yarnpkg.com/datatables.net-bs/-/datatables.net-bs-1.10.12.tgz#514830c325ec4349ad6c0a4c6689143fcc93697b"
  dependencies:
    datatables.net ">=1.10.9"
    jquery ">=1.7"

datatables.net-bs@>=1.10.9:
  version "1.10.16"
  resolved "https://registry.yarnpkg.com/datatables.net-bs/-/datatables.net-bs-1.10.16.tgz#b0854f5b374f713ae3db4156c7cea8a760c3de76"
  dependencies:
    datatables.net "1.10.16"
    jquery ">=1.7"

datatables.net-responsive-bs@2.1.0:
  version "2.1.0"
  resolved "https://registry.yarnpkg.com/datatables.net-responsive-bs/-/datatables.net-responsive-bs-2.1.0.tgz#6b16fc032d9eb0937c1c54be644187461e8796e6"
  dependencies:
    datatables.net-bs ">=1.10.9"
    datatables.net-responsive ">=1.0.7"
    jquery ">=1.7"

datatables.net-responsive@>=1.0.7:
  version "2.2.0"
  resolved "https://registry.yarnpkg.com/datatables.net-responsive/-/datatables.net-responsive-2.2.0.tgz#16aea1cc1128bb496f65fe0922b5e327f200a035"
  dependencies:
    datatables.net "^1.10.15"
    jquery ">=1.7"

datatables.net-select-dt@1.2.0:
  version "1.2.0"
  resolved "https://registry.yarnpkg.com/datatables.net-select-dt/-/datatables.net-select-dt-1.2.0.tgz#d39eaffbc893bc568897b722b9a47bd54dfccab6"
  dependencies:
    datatables.net ">=1.10.9"
    datatables.net-select ">=1.0.1"
    jquery ">=1.7"

datatables.net-select@1.2.0:
  version "1.2.0"
  resolved "https://registry.yarnpkg.com/datatables.net-select/-/datatables.net-select-1.2.0.tgz#8a2bfdac1bb7a62605ece358d08aad100300b11e"
  dependencies:
    datatables.net ">=1.10.9"
    jquery ">=1.7"

datatables.net-select@>=1.0.1:
  version "1.2.3"
  resolved "https://registry.yarnpkg.com/datatables.net-select/-/datatables.net-select-1.2.3.tgz#7c272e81732a41214e101b656f5525d37ec37288"
  dependencies:
    datatables.net "^1.10.15"
    jquery ">=1.7"

datatables.net@1.10.12:
  version "1.10.12"
  resolved "https://registry.yarnpkg.com/datatables.net/-/datatables.net-1.10.12.tgz#d66e1497d39f55ad6f1e6c2abb30ce19290e30f8"
  dependencies:
    jquery ">=1.7"

datatables.net@1.10.16, datatables.net@>=1.10.9, datatables.net@^1.10.15:
  version "1.10.16"
  resolved "https://registry.yarnpkg.com/datatables.net/-/datatables.net-1.10.16.tgz#4b052d1082824261b68eed9d22741b711d3d2469"
  dependencies:
    jquery ">=1.7"

font-awesome@^4.7.0:
  version "4.7.0"
  resolved "https://registry.yarnpkg.com/font-awesome/-/font-awesome-4.7.0.tgz#8fa8cf0411a1a31afd07b06d2902bb9fc815a133"

jquery-mousewheel@>=3.0.6, jquery-mousewheel@~3.1.13:
  version "3.1.13"
  resolved "https://registry.yarnpkg.com/jquery-mousewheel/-/jquery-mousewheel-3.1.13.tgz#06f0335f16e353a695e7206bf50503cb523a6ee5"

jquery@>=1.7, jquery@^3.2.1:
  version "3.2.1"
  resolved "https://registry.yarnpkg.com/jquery/-/jquery-3.2.1.tgz#5c4d9de652af6cd0a770154a631bba12b015c787"

jquery@^1.9.0:
  version "1.12.4"
  resolved "https://registry.yarnpkg.com/jquery/-/jquery-1.12.4.tgz#01e1dfba290fe73deba77ceeacb0f9ba2fec9e0c"

malihu-custom-scrollbar-plugin@^3.0.9:
  version "3.1.5"
  resolved "https://registry.yarnpkg.com/malihu-custom-scrollbar-plugin/-/malihu-custom-scrollbar-plugin-3.1.5.tgz#310cecc5e59415a1c29e9dfb5d2b6e01d66a29ef"
  dependencies:
    jquery-mousewheel ">=3.0.6"

material-design-icons@^3.0.1:
  version "3.0.1"
  resolved "https://registry.yarnpkg.com/material-design-icons/-/material-design-icons-3.0.1.tgz#9a71c48747218ebca51e51a66da682038cdcb7bf"

moment@^2.9.0:
  version "2.19.1"
  resolved "https://registry.yarnpkg.com/moment/-/moment-2.19.1.tgz#56da1a2d1cbf01d38b7e1afc31c10bcfa1929167"

nouislider@^8.5.1:
  version "8.5.1"
  resolved "https://registry.yarnpkg.com/nouislider/-/nouislider-8.5.1.tgz#df8dedd0e0de1afb074c33be1e6cf4d2919662e4"

propellerkit-custom-scrollbar@^1.1.0:
  version "1.1.0"
  resolved "https://registry.yarnpkg.com/propellerkit-custom-scrollbar/-/propellerkit-custom-scrollbar-1.1.0.tgz#af726ed68a2a1096a4d21608bd6379eeaa7085f2"
  dependencies:
    malihu-custom-scrollbar-plugin "^3.0.9"
    propellerkit "*.*.*"

propellerkit-datatables@^1.1.0:
  version "1.1.0"
  resolved "https://registry.yarnpkg.com/propellerkit-datatables/-/propellerkit-datatables-1.1.0.tgz#8dadfa41460d2f121a21b39f304a8f07d62b9212"
  dependencies:
    datatables.net "1.10.12"
    datatables.net-bs "1.10.12"
    datatables.net-responsive-bs "2.1.0"
    datatables.net-select "1.2.0"
    datatables.net-select-dt "1.2.0"
    propellerkit "*.*.*"

propellerkit-datetimepicker@^1.1.0:
  version "1.1.0"
  resolved "https://registry.yarnpkg.com/propellerkit-datetimepicker/-/propellerkit-datetimepicker-1.1.0.tgz#6c2340db5381acc89920076c76b8104ee95b951d"
  dependencies:
    moment "^2.9.0"
    propellerkit "*.*.*"

propellerkit-range-slider@^1.1.0:
  version "1.1.0"
  resolved "https://registry.yarnpkg.com/propellerkit-range-slider/-/propellerkit-range-slider-1.1.0.tgz#7c3bb058c31c3b71b159a6a3d4eb6aa4ef2470f1"
  dependencies:
    nouislider "^8.5.1"
    propellerkit "*.*.*"
    wnumb "1.1.0"

propellerkit-select2@^1.1.0:
  version "1.1.0"
  resolved "https://registry.yarnpkg.com/propellerkit-select2/-/propellerkit-select2-1.1.0.tgz#2e2305fc6e14b6b5563b017884098df003f72bd1"
  dependencies:
    propellerkit "*.*.*"
    select2 "^4.0.2"
    select2-bootstrap-theme "^0.1.0-beta.4"

propellerkit@*.*.*, propellerkit@^1.1.0:
  version "1.1.0"
  resolved "https://registry.yarnpkg.com/propellerkit/-/propellerkit-1.1.0.tgz#dc86c58dab494b54db9fe0e4a22f75206a13909d"
  dependencies:
    bootstrap "^3.0.0"
    jquery "^1.9.0"

select2-bootstrap-theme@^0.1.0-beta.4:
  version "0.1.0-beta.10"
  resolved "https://registry.yarnpkg.com/select2-bootstrap-theme/-/select2-bootstrap-theme-0.1.0-beta.10.tgz#b9426ecfc03bf4a235e76a132377574310469ac0"

select2@^4.0.2:
  version "4.0.5"
  resolved "https://registry.yarnpkg.com/select2/-/select2-4.0.5.tgz#7aac50692561985b34d3b82ec55e226f8960d40a"
  dependencies:
    almond "~0.3.1"
    jquery-mousewheel "~3.1.13"

wnumb@1.1.0:
  version "1.1.0"
  resolved "https://registry.yarnpkg.com/wnumb/-/wnumb-1.1.0.tgz#fcecb88050869bdf384dacbfd612325980c93ddc"
